<?xml version="1.0" encoding="utf-8"?>
<Project ToolsVersion="4.0" xmlns="http://schemas.microsoft.com/developer/msbuild/2003">
  <ItemGroup>
    <Filter Include="Исходные файлы">
      <UniqueIdentifier>{4FC737F1-C7A5-4376-A066-2A32D752A2FF}</UniqueIdentifier>
      <Extensions>cpp;c;cc;cxx;def;odl;idl;hpj;bat;asm;asmx</Extensions>
    </Filter>
    <Filter Include="Файлы заголовков">
      <UniqueIdentifier>{93995380-89BD-4b04-88EB-625FBE52EBFB}</UniqueIdentifier>
      <Extensions>h;hh;hpp;hxx;hm;inl;inc;ipp;xsd</Extensions>
    </Filter>
    <Filter Include="Файлы ресурсов">
      <UniqueIdentifier>{67DA6AB6-F800-4c08-8B7A-83BB121AAD01}</UniqueIdentifier>
      <Extensions>rc;ico;cur;bmp;dlg;rc2;rct;bin;rgs;gif;jpg;jpeg;jpe;resx;tiff;tif;png;wav;mfcribbon-ms</Extensions>
    </Filter>
    <Filter Include="Исходные файлы\AbstractFactory">
      <UniqueIdentifier>{90a1f4b0-b860-403f-962d-0cf6314f327c}</UniqueIdentifier>
    </Filter>
    <Filter Include="Файлы заголовков\AbstractFactory">
      <UniqueIdentifier>{a1748660-f656-40ee-9ad3-7cb35009231f}</UniqueIdentifier>
    </Filter>
    <Filter Include="Исходные файлы\Composite">
      <UniqueIdentifier>{a8dfe412-4162-4599-ba97-22b1d2b3c1de}</UniqueIdentifier>
    </Filter>
    <Filter Include="Файлы заголовков\Composite">
      <UniqueIdentifier>{8ffd5df5-774a-4484-b2a2-4584b3c9295a}</UniqueIdentifier>
    </Filter>
    <Filter Include="Исходные файлы\Iterator">
      <UniqueIdentifier>{998269be-43f5-4120-9582-85a955eada6d}</UniqueIdentifier>
    </Filter>
    <Filter Include="Файлы заголовков\Iterator">
      <UniqueIdentifier>{4cc40998-512b-4474-ba38-8d848f6fa15e}</UniqueIdentifier>
    </Filter>
    <Filter Include="Исходные файлы\Prototype">
      <UniqueIdentifier>{1b4fdaaf-d45b-4c35-bb06-cd693c973b85}</UniqueIdentifier>
    </Filter>
    <Filter Include="Файлы заголовков\Prototype">
      <UniqueIdentifier>{a41de844-35b8-4593-b3ee-df690952ba4f}</UniqueIdentifier>
    </Filter>
    <Filter Include="Исходные файлы\Command">
      <UniqueIdentifier>{5402e619-cae2-44ac-80d6-c64d8d08e867}</UniqueIdentifier>
    </Filter>
    <Filter Include="Файлы заголовков\Command">
      <UniqueIdentifier>{9474654d-4323-4d57-89ca-c2dd5c8caf07}</UniqueIdentifier>
    </Filter>
    <Filter Include="Исходные файлы\Flyweight">
      <UniqueIdentifier>{6687aa90-cedc-40b9-9548-8013b7abc248}</UniqueIdentifier>
    </Filter>
    <Filter Include="Файлы заголовков\Flyweight">
      <UniqueIdentifier>{f9e0ba18-76cb-4872-b31c-f89786fff3d5}</UniqueIdentifier>
    </Filter>
    <Filter Include="Исходные файлы\State">
      <UniqueIdentifier>{ea08ac24-9687-45f7-a58e-a0f1799bad1a}</UniqueIdentifier>
    </Filter>
    <Filter Include="Файлы заголовков\State">
      <UniqueIdentifier>{d7a76ba0-f3f2-4719-9633-0cb114a7fbd6}</UniqueIdentifier>
    </Filter>
    <Filter Include="Исходные файлы\Adapter">
      <UniqueIdentifier>{eb920154-53e7-4f92-8df9-c9da202a49ba}</UniqueIdentifier>
    </Filter>
    <Filter Include="Файлы заголовков\Adapter">
      <UniqueIdentifier>{a5d3dc8b-4b54-4e80-809f-425db991ca8e}</UniqueIdentifier>
    </Filter>
  </ItemGroup>
  <ItemGroup>
    <ClCompile Include="main.cpp">
      <Filter>Исходные файлы</Filter>
    </ClCompile>
    <ClCompile Include="AbstractFactory\monster.cpp">
      <Filter>Исходные файлы\AbstractFactory</Filter>
    </ClCompile>
    <ClCompile Include="AbstractFactory\level_factory.cpp">
      <Filter>Исходные файлы\AbstractFactory</Filter>
    </ClCompile>
    <ClCompile Include="AbstractFactory\level.cpp">
      <Filter>Исходные файлы\AbstractFactory</Filter>
    </ClCompile>
    <ClCompile Include="Composite\composite.cpp">
      <Filter>Исходные файлы\Composite</Filter>
    </ClCompile>
    <ClCompile Include="Composite\catering.cpp">
      <Filter>Исходные файлы\Composite</Filter>
    </ClCompile>
    <ClCompile Include="Iterator\list.cpp">
      <Filter>Исходные файлы\Iterator</Filter>
    </ClCompile>
    <ClCompile Include="Iterator\iterator.cpp">
      <Filter>Исходные файлы\Iterator</Filter>
    </ClCompile>
    <ClCompile Include="Iterator\monster.cpp">
      <Filter>Исходные файлы\Iterator</Filter>
    </ClCompile>
    <ClCompile Include="Prototype\prototype.cpp">
      <Filter>Исходные файлы\Prototype</Filter>
    </ClCompile>
    <ClCompile Include="AbstractFactory\run.cpp">
      <Filter>Исходные файлы\AbstractFactory</Filter>
    </ClCompile>
    <ClCompile Include="Composite\run.cpp">
      <Filter>Исходные файлы\Composite</Filter>
    </ClCompile>
    <ClCompile Include="Iterator\run.cpp">
      <Filter>Исходные файлы\Iterator</Filter>
    </ClCompile>
    <ClCompile Include="Prototype\run.cpp">
      <Filter>Исходные файлы\Prototype</Filter>
    </ClCompile>
    <ClCompile Include="Command\run.cpp">
      <Filter>Исходные файлы\Command</Filter>
    </ClCompile>
    <ClCompile Include="Command\command.cpp">
      <Filter>Исходные файлы\Command</Filter>
    </ClCompile>
    <ClCompile Include="Flyweight\flyweight.cpp">
      <Filter>Исходные файлы\Flyweight</Filter>
    </ClCompile>
    <ClCompile Include="Flyweight\run.cpp">
      <Filter>Исходные файлы\Flyweight</Filter>
    </ClCompile>
    <ClCompile Include="State\run.cpp">
      <Filter>Исходные файлы\State</Filter>
    </ClCompile>
    <ClCompile Include="State\state.cpp">
      <Filter>Исходные файлы\State</Filter>
    </ClCompile>
    <ClCompile Include="Adapter\adapter.cpp">
      <Filter>Исходные файлы\Adapter</Filter>
    </ClCompile>
    <ClCompile Include="Adapter\run.cpp">
      <Filter>Исходные файлы\Adapter</Filter>
    </ClCompile>
  </ItemGroup>
  <ItemGroup>
    <ClInclude Include="AbstractFactory\monster.h">
      <Filter>Файлы заголовков\AbstractFactory</Filter>
    </ClInclude>
    <ClInclude Include="AbstractFactory\level.h">
      <Filter>Файлы заголовков\AbstractFactory</Filter>
    </ClInclude>
    <ClInclude Include="AbstractFactory\level_factory.h">
      <Filter>Файлы заголовков\AbstractFactory</Filter>
    </ClInclude>
    <ClInclude Include="Composite\composite.h">
      <Filter>Файлы заголовков\Composite</Filter>
    </ClInclude>
    <ClInclude Include="Composite\catering.h">
      <Filter>Файлы заголовков\Composite</Filter>
    </ClInclude>
    <ClInclude Include="Iterator\iterator.h">
      <Filter>Файлы заголовков\Iterator</Filter>
    </ClInclude>
    <ClInclude Include="Iterator\list.h">
      <Filter>Файлы заголовков\Iterator</Filter>
    </ClInclude>
    <ClInclude Include="Iterator\monster.h">
      <Filter>Файлы заголовков\Iterator</Filter>
    </ClInclude>
    <ClInclude Include="Prototype\prototype.h">
      <Filter>Файлы заголовков\Prototype</Filter>
    </ClInclude>
    <ClInclude Include="AbstractFactory\run.h">
      <Filter>Файлы заголовков\AbstractFactory</Filter>
    </ClInclude>
    <ClInclude Include="Composite\run.h">
      <Filter>Файлы заголовков\Composite</Filter>
    </ClInclude>
    <ClInclude Include="Iterator\run.h">
      <Filter>Файлы заголовков\Iterator</Filter>
    </ClInclude>
    <ClInclude Include="Prototype\run.h">
      <Filter>Файлы заголовков\Prototype</Filter>
    </ClInclude>
    <ClInclude Include="Command\command.h">
      <Filter>Файлы заголовков\Command</Filter>
    </ClInclude>
    <ClInclude Include="Command\run.h">
      <Filter>Файлы заголовков\Command</Filter>
    </ClInclude>
    <ClInclude Include="Flyweight\flyweight.h">
      <Filter>Файлы заголовков\Flyweight</Filter>
    </ClInclude>
    <ClInclude Include="Flyweight\run.h">
      <Filter>Файлы заголовков\Flyweight</Filter>
    </ClInclude>
    <ClInclude Include="State\run.h">
      <Filter>Файлы заголовков\State</Filter>
    </ClInclude>
    <ClInclude Include="State\state.h">
      <Filter>Файлы заголовков\State</Filter>
    </ClInclude>
    <ClInclude Include="Adapter\adapter.h">
      <Filter>Файлы заголовков\Adapter</Filter>
    </ClInclude>
    <ClInclude Include="Adapter\run.h">
      <Filter>Файлы заголовков\Adapter</Filter>
    </ClInclude>
  </ItemGroup>
  <ItemGroup>
    <None Include="..\README.md">
      <Filter>Файлы ресурсов</Filter>
    </None>
    <None Include="template.zip">
      <Filter>Файлы ресурсов</Filter>
    </None>
  </ItemGroup>
</Project>