<?xml version="1.0" encoding="utf-8"?>
<Project ToolsVersion="4.0" xmlns="http://schemas.microsoft.com/developer/msbuild/2003">
  <ItemGroup>
    <Filter Include="Исходные файлы">
      <UniqueIdentifier>{4FC737F1-C7A5-4376-A066-2A32D752A2FF}</UniqueIdentifier>
      <Extensions>cpp;c;cc;cxx;def;odl;idl;hpj;bat;asm;asmx</Extensions>
    </Filter>
    <Filter Include="Файлы заголовков">
      <UniqueIdentifier>{93995380-89BD-4b04-88EB-625FBE52EBFB}</UniqueIdentifier>
      <Extensions>h;hh;hpp;hxx;hm;inl;inc;ipp;xsd</Extensions>
    </Filter>
    <Filter Include="Файлы ресурсов">
      <UniqueIdentifier>{67DA6AB6-F800-4c08-8B7A-83BB121AAD01}</UniqueIdentifier>
      <Extensions>rc;ico;cur;bmp;dlg;rc2;rct;bin;rgs;gif;jpg;jpeg;jpe;resx;tiff;tif;png;wav;mfcribbon-ms</Extensions>
    </Filter>
    <Filter Include="Исходные файлы\AbstractFactory">
      <UniqueIdentifier>{90a1f4b0-b860-403f-962d-0cf6314f327c}</UniqueIdentifier>
    </Filter>
    <Filter Include="Файлы заголовков\AbstractFactory">
      <UniqueIdentifier>{a1748660-f656-40ee-9ad3-7cb35009231f}</UniqueIdentifier>
    </Filter>
    <Filter Include="Исходные файлы\Composite">
      <UniqueIdentifier>{a8dfe412-4162-4599-ba97-22b1d2b3c1de}</UniqueIdentifier>
    </Filter>
    <Filter Include="Файлы заголовков\Composite">
      <UniqueIdentifier>{8ffd5df5-774a-4484-b2a2-4584b3c9295a}</UniqueIdentifier>
    </Filter>
    <Filter Include="Исходные файлы\Iterator">
      <UniqueIdentifier>{998269be-43f5-4120-9582-85a955eada6d}</UniqueIdentifier>
    </Filter>
    <Filter Include="Файлы заголовков\Iterator">
      <UniqueIdentifier>{4cc40998-512b-4474-ba38-8d848f6fa15e}</UniqueIdentifier>
    </Filter>
  </ItemGroup>
  <ItemGroup>
    <ClCompile Include="main.cpp">
      <Filter>Исходные файлы</Filter>
    </ClCompile>
    <ClCompile Include="AbstractFactory\monster.cpp">
      <Filter>Исходные файлы\AbstractFactory</Filter>
    </ClCompile>
    <ClCompile Include="AbstractFactory\level_factory.cpp">
      <Filter>Исходные файлы\AbstractFactory</Filter>
    </ClCompile>
    <ClCompile Include="AbstractFactory\level.cpp">
      <Filter>Исходные файлы\AbstractFactory</Filter>
    </ClCompile>
    <ClCompile Include="run.cpp">
      <Filter>Исходные файлы</Filter>
    </ClCompile>
    <ClCompile Include="Composite\composite.cpp">
      <Filter>Исходные файлы\Composite</Filter>
    </ClCompile>
    <ClCompile Include="Composite\catering.cpp">
      <Filter>Исходные файлы\Composite</Filter>
    </ClCompile>
    <ClCompile Include="Iterator\list.cpp">
      <Filter>Исходные файлы\Iterator</Filter>
    </ClCompile>
    <ClCompile Include="Iterator\iterator.cpp">
      <Filter>Исходные файлы\Iterator</Filter>
    </ClCompile>
    <ClCompile Include="Iterator\monster.cpp">
      <Filter>Исходные файлы\Iterator</Filter>
    </ClCompile>
  </ItemGroup>
  <ItemGroup>
    <ClInclude Include="AbstractFactory\monster.h">
      <Filter>Файлы заголовков\AbstractFactory</Filter>
    </ClInclude>
    <ClInclude Include="AbstractFactory\level.h">
      <Filter>Файлы заголовков\AbstractFactory</Filter>
    </ClInclude>
    <ClInclude Include="AbstractFactory\level_factory.h">
      <Filter>Файлы заголовков\AbstractFactory</Filter>
    </ClInclude>
    <ClInclude Include="run.h">
      <Filter>Файлы заголовков</Filter>
    </ClInclude>
    <ClInclude Include="Composite\composite.h">
      <Filter>Файлы заголовков\Composite</Filter>
    </ClInclude>
    <ClInclude Include="Composite\catering.h">
      <Filter>Файлы заголовков\Composite</Filter>
    </ClInclude>
    <ClInclude Include="Iterator\iterator.h">
      <Filter>Файлы заголовков\Iterator</Filter>
    </ClInclude>
    <ClInclude Include="Iterator\list.h">
      <Filter>Файлы заголовков\Iterator</Filter>
    </ClInclude>
    <ClInclude Include="Iterator\monster.h">
      <Filter>Файлы заголовков\Iterator</Filter>
    </ClInclude>
  </ItemGroup>
</Project>